
Microsoft Visual Studio Solution File, Format Version 12.00
# Visual Studio 2013
VisualStudioVersion = 12.0.21005.1
MinimumVisualStudioVersion = 10.0.40219.1
Project("{FAE04EC0-301F-11D3-BF4B-00C04F79EFBC}") = "ElonsRiot", "ElonsRiot\ElonsRiot\ElonsRiot.csproj", "{34E925B8-ED97-48B4-8503-30007214068B}"
EndProject
Project("{FAE04EC0-301F-11D3-BF4B-00C04F79EFBC}") = "ElonsRiotContent", "ElonsRiot\ElonsRiotContent\ElonsRiotContent.contentproj", "{965A0AD4-C9DE-4112-AC1B-05E3CB5EC7A3}"
EndProject
Project("{FAE04EC0-301F-11D3-BF4B-00C04F79EFBC}") = "SkinnedModelPipeline", "SkinnedModelPipeline\SkinnedModelPipeline.csproj", "{BA273D4F-8AEF-426B-8293-D144F151125A}"
EndProject
Project("{FAE04EC0-301F-11D3-BF4B-00C04F79EFBC}") = "SkinnedModel", "SkinnedModel\SkinnedModel.csproj", "{2702DF0B-EFA3-4AA0-B0A6-170F2ECCAD1B}"
EndProject
Global
	GlobalSection(SolutionConfigurationPlatforms) = preSolution
		Debug|x86 = Debug|x86
		Release|x86 = Release|x86
	EndGlobalSection
	GlobalSection(ProjectConfigurationPlatforms) = postSolution
		{34E925B8-ED97-48B4-8503-30007214068B}.Debug|x86.ActiveCfg = Debug|x86
		{34E925B8-ED97-48B4-8503-30007214068B}.Debug|x86.Build.0 = Debug|x86
		{34E925B8-ED97-48B4-8503-30007214068B}.Release|x86.ActiveCfg = Release|x86
		{34E925B8-ED97-48B4-8503-30007214068B}.Release|x86.Build.0 = Release|x86
		{965A0AD4-C9DE-4112-AC1B-05E3CB5EC7A3}.Debug|x86.ActiveCfg = Debug|x86
		{965A0AD4-C9DE-4112-AC1B-05E3CB5EC7A3}.Release|x86.ActiveCfg = Release|x86
		{BA273D4F-8AEF-426B-8293-D144F151125A}.Debug|x86.ActiveCfg = Debug|x86
		{BA273D4F-8AEF-426B-8293-D144F151125A}.Debug|x86.Build.0 = Debug|x86
		{BA273D4F-8AEF-426B-8293-D144F151125A}.Release|x86.ActiveCfg = Release|x86
		{BA273D4F-8AEF-426B-8293-D144F151125A}.Release|x86.Build.0 = Release|x86
		{2702DF0B-EFA3-4AA0-B0A6-170F2ECCAD1B}.Debug|x86.ActiveCfg = Debug|x86
		{2702DF0B-EFA3-4AA0-B0A6-170F2ECCAD1B}.Debug|x86.Build.0 = Debug|x86
		{2702DF0B-EFA3-4AA0-B0A6-170F2ECCAD1B}.Release|x86.ActiveCfg = Release|x86
		{2702DF0B-EFA3-4AA0-B0A6-170F2ECCAD1B}.Release|x86.Build.0 = Release|x86
	EndGlobalSection
	GlobalSection(SolutionProperties) = preSolution
		HideSolutionNode = FALSE
	EndGlobalSection
EndGlobal
